PODS:
  - Alamofire (5.0.0-beta.6)
  - ESPullToRefresh (2.9)
  - FBSDKCoreKit (5.2.1):
    - FBSDKCoreKit/Basics (= 5.2.1)
    - FBSDKCoreKit/Core (= 5.2.1)
  - FBSDKCoreKit/Basics (5.2.1)
  - FBSDKCoreKit/Core (5.2.1):
    - FBSDKCoreKit/Basics
  - FBSDKLoginKit (5.2.1):
    - FBSDKCoreKit (~> 5.0)
  - IQKeyboardManagerSwift (6.4.0)
  - KeychainAccess (3.2.0)
  - Kingfisher (5.7.0)
  - SCLAlertView (0.8)
  - SwiftLint (0.33.1)

DEPENDENCIES:
  - Alamofire (~> 5.0.0-beta.5)
  - ESPullToRefresh
  - FBSDKLoginKit
  - IQKeyboardManagerSwift
  - KeychainAccess
  - Kingfisher
  - SCLAlertView
  - SwiftLint

SPEC REPOS:
  https://github.com/cocoapods/specs.git:
    - Alamofire
    - ESPullToRefresh
    - FBSDKCoreKit
    - FBSDKLoginKit
    - IQKeyboardManagerSwift
    - KeychainAccess
    - Kingfisher
    - SCLAlertView
    - SwiftLint

SPEC CHECKSUMS:
  Alamofire: cd08a4402bd12cacd0c66f23fb12fec8d6b965e4
  ESPullToRefresh: ce058a36454a5032519cc9d8b45da217728cf104
  FBSDKCoreKit: e1ab8d86f5eea2d7aa6ab12acca3e1d2dcb11983
  FBSDKLoginKit: 6e20e44775ddf4b159a8ca676834325e13d12221
  IQKeyboardManagerSwift: ed9b04ee0e3067ffba543283462d619f944b05e5
  KeychainAccess: 3b1bf8a77eb4c6ea1ce9404c292e48f948954c6b
  Kingfisher: c7d211b54f1f30d8060aadab177d52b4349c825b
  SCLAlertView: 6a77bb2edfc65e04dbe57725546cb4107a506b85
  SwiftLint: 9fc1143bbacec37f94994a7d0d2a85b2154b6294

PODFILE CHECKSUM: d9b0f602f5686af0e1871e48f357013ee0d23c47

COCOAPODS: 1.7.4
